Microsoft Visual Studio Solution File, Format Version 12.00
# Visual Studio Version 17
VisualStudioVersion = 17.5.2.0
MinimumVisualStudioVersion = 10.0.40219.1
Project("{FAE04EC0-301F-11D3-BF4B-00C04F79EFBC}") = "udemy-dotnet", "udemy-dotnet.csproj", "{9E1DA0A0-FA40-E8CF-2AFD-2E9FB93E61D9}"
EndProject
Global
	GlobalSection(SolutionConfigurationPlatforms) = preSolution
		Debug|Any CPU = Debug|Any CPU
		Release|Any CPU = Release|Any CPU
	EndGlobalSection
	GlobalSection(ProjectConfigurationPlatforms) = postSolution
		{9E1DA0A0-FA40-E8CF-2AFD-2E9FB93E61D9}.Debug|Any CPU.ActiveCfg = Debug|Any CPU
		{9E1DA0A0-FA40-E8CF-2AFD-2E9FB93E61D9}.Debug|Any CPU.Build.0 = Debug|Any CPU
		{9E1DA0A0-FA40-E8CF-2AFD-2E9FB93E61D9}.Release|Any CPU.ActiveCfg = Release|Any CPU
		{9E1DA0A0-FA40-E8CF-2AFD-2E9FB93E61D9}.Release|Any CPU.Build.0 = Release|Any CPU
	EndGlobalSection
	GlobalSection(SolutionProperties) = preSolution
		HideSolutionNode = FALSE
	EndGlobalSection
	GlobalSection(ExtensibilityGlobals) = postSolution
		SolutionGuid = {76D3AB14-5EF6-4395-915E-AEC9999C9F05}
	EndGlobalSection
EndGlobal
